
Microsoft Visual Studio Solution File, Format Version 12.00
# Visual Studio Version 17
VisualStudioVersion = 17.12.35521.163 d17.12
MinimumVisualStudioVersion = 10.0.40219.1
Project("{2150E333-8FDC-42A3-9474-1A3956D46DE8}") = "src", "src", "{975971E5-D97B-4716-96D2-F2F9D254D6E4}"
EndProject
Project("{FAE04EC0-301F-11D3-BF4B-00C04F79EFBC}") = "FirstDockerProj", "src\FirstDockerProj\FirstDockerProj.csproj", "{196885E1-C10B-4588-9F01-8AD00654951C}"
EndProject
Global
	GlobalSection(SolutionConfigurationPlatforms) = preSolution
		Debug|Any CPU = Debug|Any CPU
		Release|Any CPU = Release|Any CPU
	EndGlobalSection
	GlobalSection(ProjectConfigurationPlatforms) = postSolution
		{196885E1-C10B-4588-9F01-8AD00654951C}.Debug|Any CPU.ActiveCfg = Debug|Any CPU
		{196885E1-C10B-4588-9F01-8AD00654951C}.Debug|Any CPU.Build.0 = Debug|Any CPU
		{196885E1-C10B-4588-9F01-8AD00654951C}.Release|Any CPU.ActiveCfg = Release|Any CPU
		{196885E1-C10B-4588-9F01-8AD00654951C}.Release|Any CPU.Build.0 = Release|Any CPU
	EndGlobalSection
	GlobalSection(SolutionProperties) = preSolution
		HideSolutionNode = FALSE
	EndGlobalSection
	GlobalSection(NestedProjects) = preSolution
		{196885E1-C10B-4588-9F01-8AD00654951C} = {975971E5-D97B-4716-96D2-F2F9D254D6E4}
	EndGlobalSection
EndGlobal
